<?xml version="1.0" encoding="utf-8"?>
<Project ToolsVersion="4.0" xmlns="http://schemas.microsoft.com/developer/msbuild/2003">
  <ItemGroup>
    <Filter Include="ImGui">
      <UniqueIdentifier>{8b6860e2-41a5-4e53-a253-6fa785cb8bfe}</UniqueIdentifier>
    </Filter>
    <Filter Include="Engine">
      <UniqueIdentifier>{f9a9780f-cc91-4f43-81f2-a71f14f8528a}</UniqueIdentifier>
    </Filter>
    <Filter Include="Glad">
      <UniqueIdentifier>{db9fd684-3058-4040-9399-cae66729442b}</UniqueIdentifier>
    </Filter>
    <Filter Include="Shaders">
      <UniqueIdentifier>{410f82bd-d92b-48f6-8515-3eb1c1af5b9d}</UniqueIdentifier>
    </Filter>
    <Filter Include="Stb">
      <UniqueIdentifier>{0ac2ff0f-5f18-480a-8bd6-6aa7428166bb}</UniqueIdentifier>
    </Filter>
    <Filter Include="Generator">
      <UniqueIdentifier>{3ee2bc7b-be42-4c13-918a-322fc9b90bb5}</UniqueIdentifier>
    </Filter>
    <Filter Include="Engine\Model Loading">
      <UniqueIdentifier>{9ed2d0eb-498d-4042-92c1-74c5562d5494}</UniqueIdentifier>
    </Filter>
  </ItemGroup>
  <ItemGroup>
    <ClCompile Include="ThirdParty\imgui-docking\imgui.cpp">
      <Filter>ImGui</Filter>
    </ClCompile>
    <ClCompile Include="ThirdParty\imgui-docking\imgui_demo.cpp">
      <Filter>ImGui</Filter>
    </ClCompile>
    <ClCompile Include="ThirdParty\imgui-docking\imgui_draw.cpp">
      <Filter>ImGui</Filter>
    </ClCompile>
    <ClCompile Include="ThirdParty\imgui-docking\imgui_impl_glfw.cpp">
      <Filter>ImGui</Filter>
    </ClCompile>
    <ClCompile Include="ThirdParty\imgui-docking\imgui_impl_opengl3.cpp">
      <Filter>ImGui</Filter>
    </ClCompile>
    <ClCompile Include="ThirdParty\imgui-docking\imgui_tables.cpp">
      <Filter>ImGui</Filter>
    </ClCompile>
    <ClCompile Include="ThirdParty\imgui-docking\imgui_widgets.cpp">
      <Filter>ImGui</Filter>
    </ClCompile>
    <ClCompile Include="ThirdParty\glad\include\glad\glad.c">
      <Filter>Glad</Filter>
    </ClCompile>
    <ClCompile Include="Code\engine.cpp">
      <Filter>Engine</Filter>
    </ClCompile>
    <ClCompile Include="Code\platform.cpp">
      <Filter>Engine</Filter>
    </ClCompile>
    <ClCompile Include="ThirdParty\stb\stb.cpp">
      <Filter>Stb</Filter>
    </ClCompile>
    <ClCompile Include="ThirdParty\generator\src\AnyMesh.cpp">
      <Filter>Generator</Filter>
    </ClCompile>
    <ClCompile Include="ThirdParty\generator\src\AnyPath.cpp">
      <Filter>Generator</Filter>
    </ClCompile>
    <ClCompile Include="ThirdParty\generator\src\AnyShape.cpp">
      <Filter>Generator</Filter>
    </ClCompile>
    <ClCompile Include="ThirdParty\generator\src\BoxMesh.cpp">
      <Filter>Generator</Filter>
    </ClCompile>
    <ClCompile Include="ThirdParty\generator\src\CappedConeMesh.cpp">
      <Filter>Generator</Filter>
    </ClCompile>
    <ClCompile Include="ThirdParty\generator\src\CappedCylinderMesh.cpp">
      <Filter>Generator</Filter>
    </ClCompile>
    <ClCompile Include="ThirdParty\generator\src\CappedTubeMesh.cpp">
      <Filter>Generator</Filter>
    </ClCompile>
    <ClCompile Include="ThirdParty\generator\src\CapsuleMesh.cpp">
      <Filter>Generator</Filter>
    </ClCompile>
    <ClCompile Include="ThirdParty\generator\src\CircleShape.cpp">
      <Filter>Generator</Filter>
    </ClCompile>
    <ClCompile Include="ThirdParty\generator\src\ConeMesh.cpp">
      <Filter>Generator</Filter>
    </ClCompile>
    <ClCompile Include="ThirdParty\generator\src\ConvexPolygonMesh.cpp">
      <Filter>Generator</Filter>
    </ClCompile>
    <ClCompile Include="ThirdParty\generator\src\CylinderMesh.cpp">
      <Filter>Generator</Filter>
    </ClCompile>
    <ClCompile Include="ThirdParty\generator\src\DiskMesh.cpp">
      <Filter>Generator</Filter>
    </ClCompile>
    <ClCompile Include="ThirdParty\generator\src\DodecahedronMesh.cpp">
      <Filter>Generator</Filter>
    </ClCompile>
    <ClCompile Include="ThirdParty\generator\src\EmptyMesh.cpp">
      <Filter>Generator</Filter>
    </ClCompile>
    <ClCompile Include="ThirdParty\generator\src\EmptyPath.cpp">
      <Filter>Generator</Filter>
    </ClCompile>
    <ClCompile Include="ThirdParty\generator\src\EmptyShape.cpp">
      <Filter>Generator</Filter>
    </ClCompile>
    <ClCompile Include="ThirdParty\generator\src\GridShape.cpp">
      <Filter>Generator</Filter>
    </ClCompile>
    <ClCompile Include="ThirdParty\generator\src\HelixPath.cpp">
      <Filter>Generator</Filter>
    </ClCompile>
    <ClCompile Include="ThirdParty\generator\src\IcosahedronMesh.cpp">
      <Filter>Generator</Filter>
    </ClCompile>
    <ClCompile Include="ThirdParty\generator\src\IcoSphereMesh.cpp">
      <Filter>Generator</Filter>
    </ClCompile>
    <ClCompile Include="ThirdParty\generator\src\KnotPath.cpp">
      <Filter>Generator</Filter>
    </ClCompile>
    <ClCompile Include="ThirdParty\generator\src\LinePath.cpp">
      <Filter>Generator</Filter>
    </ClCompile>
    <ClCompile Include="ThirdParty\generator\src\LineShape.cpp">
      <Filter>Generator</Filter>
    </ClCompile>
    <ClCompile Include="ThirdParty\generator\src\ObjWriter.cpp">
      <Filter>Generator</Filter>
    </ClCompile>
    <ClCompile Include="ThirdParty\generator\src\ParametricMesh.cpp">
      <Filter>Generator</Filter>
    </ClCompile>
    <ClCompile Include="ThirdParty\generator\src\ParametricPath.cpp">
      <Filter>Generator</Filter>
    </ClCompile>
    <ClCompile Include="ThirdParty\generator\src\ParametricShape.cpp">
      <Filter>Generator</Filter>
    </ClCompile>
    <ClCompile Include="ThirdParty\generator\src\PlaneMesh.cpp">
      <Filter>Generator</Filter>
    </ClCompile>
    <ClCompile Include="ThirdParty\generator\src\RectangleShape.cpp">
      <Filter>Generator</Filter>
    </ClCompile>
    <ClCompile Include="ThirdParty\generator\src\RoundedBoxMesh.cpp">
      <Filter>Generator</Filter>
    </ClCompile>
    <ClCompile Include="ThirdParty\generator\src\RoundedRectangleShape.cpp">
      <Filter>Generator</Filter>
    </ClCompile>
    <ClCompile Include="ThirdParty\generator\src\SphereMesh.cpp">
      <Filter>Generator</Filter>
    </ClCompile>
    <ClCompile Include="ThirdParty\generator\src\SphericalConeMesh.cpp">
      <Filter>Generator</Filter>
    </ClCompile>
    <ClCompile Include="ThirdParty\generator\src\SphericalTriangleMesh.cpp">
      <Filter>Generator</Filter>
    </ClCompile>
    <ClCompile Include="ThirdParty\generator\src\SpringMesh.cpp">
      <Filter>Generator</Filter>
    </ClCompile>
    <ClCompile Include="ThirdParty\generator\src\SvgWriter.cpp">
      <Filter>Generator</Filter>
    </ClCompile>
    <ClCompile Include="ThirdParty\generator\src\TeapotMesh.cpp">
      <Filter>Generator</Filter>
    </ClCompile>
    <ClCompile Include="ThirdParty\generator\src\TorusKnotMesh.cpp">
      <Filter>Generator</Filter>
    </ClCompile>
    <ClCompile Include="ThirdParty\generator\src\TorusMesh.cpp">
      <Filter>Generator</Filter>
    </ClCompile>
    <ClCompile Include="ThirdParty\generator\src\TriangleMesh.cpp">
      <Filter>Generator</Filter>
    </ClCompile>
    <ClCompile Include="ThirdParty\generator\src\TubeMesh.cpp">
      <Filter>Generator</Filter>
    </ClCompile>
    <ClCompile Include="Code\assimp_model_loading.cpp">
      <Filter>Engine\Model Loading</Filter>
    </ClCompile>
    <ClCompile Include="Code\generator_model_loading.cpp">
      <Filter>Engine\Model Loading</Filter>
    </ClCompile>
    <ClCompile Include="Code\model_loading.cpp">
      <Filter>Engine\Model Loading</Filter>
    </ClCompile>
  </ItemGroup>
  <ItemGroup>
    <ClInclude Include="ThirdParty\imgui-docking\imconfig.h">
      <Filter>ImGui</Filter>
    </ClInclude>
    <ClInclude Include="ThirdParty\imgui-docking\imgui.h">
      <Filter>ImGui</Filter>
    </ClInclude>
    <ClInclude Include="ThirdParty\imgui-docking\imgui_impl_glfw.h">
      <Filter>ImGui</Filter>
    </ClInclude>
    <ClInclude Include="ThirdParty\imgui-docking\imgui_impl_opengl3.h">
      <Filter>ImGui</Filter>
    </ClInclude>
    <ClInclude Include="ThirdParty\imgui-docking\imgui_internal.h">
      <Filter>ImGui</Filter>
    </ClInclude>
    <ClInclude Include="ThirdParty\imgui-docking\imstb_rectpack.h">
      <Filter>ImGui</Filter>
    </ClInclude>
    <ClInclude Include="ThirdParty\imgui-docking\imstb_textedit.h">
      <Filter>ImGui</Filter>
    </ClInclude>
    <ClInclude Include="ThirdParty\imgui-docking\imstb_truetype.h">
      <Filter>ImGui</Filter>
    </ClInclude>
    <ClInclude Include="Code\engine.h">
      <Filter>Engine</Filter>
    </ClInclude>
    <ClInclude Include="ThirdParty\glad\include\glad\glad.h">
      <Filter>Glad</Filter>
    </ClInclude>
    <ClInclude Include="ThirdParty\glad\include\glad\khrplatform.h">
      <Filter>Glad</Filter>
    </ClInclude>
    <ClInclude Include="Code\platform.h">
      <Filter>Engine</Filter>
    </ClInclude>
    <ClInclude Include="ThirdParty\stb\stb_image.h">
      <Filter>Stb</Filter>
    </ClInclude>
    <ClInclude Include="ThirdParty\generator\include\generator\AnyGenerator.hpp">
      <Filter>Generator</Filter>
    </ClInclude>
    <ClInclude Include="ThirdParty\generator\include\generator\AnyMesh.hpp">
      <Filter>Generator</Filter>
    </ClInclude>
    <ClInclude Include="ThirdParty\generator\include\generator\AnyPath.hpp">
      <Filter>Generator</Filter>
    </ClInclude>
    <ClInclude Include="ThirdParty\generator\include\generator\AnyShape.hpp">
      <Filter>Generator</Filter>
    </ClInclude>
    <ClInclude Include="ThirdParty\generator\include\generator\Axis.hpp">
      <Filter>Generator</Filter>
    </ClInclude>
    <ClInclude Include="ThirdParty\generator\include\generator\AxisFlipMesh.hpp">
      <Filter>Generator</Filter>
    </ClInclude>
    <ClInclude Include="ThirdParty\generator\include\generator\AxisSwapMesh.hpp">
      <Filter>Generator</Filter>
    </ClInclude>
    <ClInclude Include="ThirdParty\generator\include\generator\AxisSwapPath.hpp">
      <Filter>Generator</Filter>
    </ClInclude>
    <ClInclude Include="ThirdParty\generator\include\generator\AxisSwapShape.hpp">
      <Filter>Generator</Filter>
    </ClInclude>
    <ClInclude Include="ThirdParty\generator\include\generator\BezierMesh.hpp">
      <Filter>Generator</Filter>
    </ClInclude>
    <ClInclude Include="ThirdParty\generator\include\generator\BezierShape.hpp">
      <Filter>Generator</Filter>
    </ClInclude>
    <ClInclude Include="ThirdParty\generator\include\generator\BoxMesh.hpp">
      <Filter>Generator</Filter>
    </ClInclude>
    <ClInclude Include="ThirdParty\generator\include\generator\CappedConeMesh.hpp">
      <Filter>Generator</Filter>
    </ClInclude>
    <ClInclude Include="ThirdParty\generator\include\generator\CappedCylinderMesh.hpp">
      <Filter>Generator</Filter>
    </ClInclude>
    <ClInclude Include="ThirdParty\generator\include\generator\CappedTubeMesh.hpp">
      <Filter>Generator</Filter>
    </ClInclude>
    <ClInclude Include="ThirdParty\generator\include\generator\CapsuleMesh.hpp">
      <Filter>Generator</Filter>
    </ClInclude>
    <ClInclude Include="ThirdParty\generator\include\generator\CircleShape.hpp">
      <Filter>Generator</Filter>
    </ClInclude>
    <ClInclude Include="ThirdParty\generator\include\generator\ConeMesh.hpp">
      <Filter>Generator</Filter>
    </ClInclude>
    <ClInclude Include="ThirdParty\generator\include\generator\ConvexPolygonMesh.hpp">
      <Filter>Generator</Filter>
    </ClInclude>
    <ClInclude Include="ThirdParty\generator\include\generator\CylinderMesh.hpp">
      <Filter>Generator</Filter>
    </ClInclude>
    <ClInclude Include="ThirdParty\generator\include\generator\DiskMesh.hpp">
      <Filter>Generator</Filter>
    </ClInclude>
    <ClInclude Include="ThirdParty\generator\include\generator\DodecahedronMesh.hpp">
      <Filter>Generator</Filter>
    </ClInclude>
    <ClInclude Include="ThirdParty\generator\include\generator\Edge.hpp">
      <Filter>Generator</Filter>
    </ClInclude>
    <ClInclude Include="ThirdParty\generator\include\generator\EmptyMesh.hpp">
      <Filter>Generator</Filter>
    </ClInclude>
    <ClInclude Include="ThirdParty\generator\include\generator\EmptyPath.hpp">
      <Filter>Generator</Filter>
    </ClInclude>
    <ClInclude Include="ThirdParty\generator\include\generator\EmptyShape.hpp">
      <Filter>Generator</Filter>
    </ClInclude>
    <ClInclude Include="ThirdParty\generator\include\generator\ExtrudeMesh.hpp">
      <Filter>Generator</Filter>
    </ClInclude>
    <ClInclude Include="ThirdParty\generator\include\generator\FlipMesh.hpp">
      <Filter>Generator</Filter>
    </ClInclude>
    <ClInclude Include="ThirdParty\generator\include\generator\FlipPath.hpp">
      <Filter>Generator</Filter>
    </ClInclude>
    <ClInclude Include="ThirdParty\generator\include\generator\FlipShape.hpp">
      <Filter>Generator</Filter>
    </ClInclude>
    <ClInclude Include="ThirdParty\generator\include\generator\generator.hpp">
      <Filter>Generator</Filter>
    </ClInclude>
    <ClInclude Include="ThirdParty\generator\include\generator\GridShape.hpp">
      <Filter>Generator</Filter>
    </ClInclude>
    <ClInclude Include="ThirdParty\generator\include\generator\HelixPath.hpp">
      <Filter>Generator</Filter>
    </ClInclude>
    <ClInclude Include="ThirdParty\generator\include\generator\IcosahedronMesh.hpp">
      <Filter>Generator</Filter>
    </ClInclude>
    <ClInclude Include="ThirdParty\generator\include\generator\IcoSphereMesh.hpp">
      <Filter>Generator</Filter>
    </ClInclude>
    <ClInclude Include="ThirdParty\generator\include\generator\Iterator.hpp">
      <Filter>Generator</Filter>
    </ClInclude>
    <ClInclude Include="ThirdParty\generator\include\generator\KnotPath.hpp">
      <Filter>Generator</Filter>
    </ClInclude>
    <ClInclude Include="ThirdParty\generator\include\generator\LatheMesh.hpp">
      <Filter>Generator</Filter>
    </ClInclude>
    <ClInclude Include="ThirdParty\generator\include\generator\LinePath.hpp">
      <Filter>Generator</Filter>
    </ClInclude>
    <ClInclude Include="ThirdParty\generator\include\generator\LineShape.hpp">
      <Filter>Generator</Filter>
    </ClInclude>
    <ClInclude Include="ThirdParty\generator\include\generator\math.hpp">
      <Filter>Generator</Filter>
    </ClInclude>
    <ClInclude Include="ThirdParty\generator\include\generator\MergeMesh.hpp">
      <Filter>Generator</Filter>
    </ClInclude>
    <ClInclude Include="ThirdParty\generator\include\generator\MergePath.hpp">
      <Filter>Generator</Filter>
    </ClInclude>
    <ClInclude Include="ThirdParty\generator\include\generator\MergeShape.hpp">
      <Filter>Generator</Filter>
    </ClInclude>
    <ClInclude Include="ThirdParty\generator\include\generator\MeshVertex.hpp">
      <Filter>Generator</Filter>
    </ClInclude>
    <ClInclude Include="ThirdParty\generator\include\generator\MirrorMesh.hpp">
      <Filter>Generator</Filter>
    </ClInclude>
    <ClInclude Include="ThirdParty\generator\include\generator\ObjWriter.hpp">
      <Filter>Generator</Filter>
    </ClInclude>
    <ClInclude Include="ThirdParty\generator\include\generator\ParametricMesh.hpp">
      <Filter>Generator</Filter>
    </ClInclude>
    <ClInclude Include="ThirdParty\generator\include\generator\ParametricPath.hpp">
      <Filter>Generator</Filter>
    </ClInclude>
    <ClInclude Include="ThirdParty\generator\include\generator\ParametricShape.hpp">
      <Filter>Generator</Filter>
    </ClInclude>
    <ClInclude Include="ThirdParty\generator\include\generator\PathVertex.hpp">
      <Filter>Generator</Filter>
    </ClInclude>
    <ClInclude Include="ThirdParty\generator\include\generator\PlaneMesh.hpp">
      <Filter>Generator</Filter>
    </ClInclude>
    <ClInclude Include="ThirdParty\generator\include\generator\RectangleShape.hpp">
      <Filter>Generator</Filter>
    </ClInclude>
    <ClInclude Include="ThirdParty\generator\include\generator\RepeatMesh.hpp">
      <Filter>Generator</Filter>
    </ClInclude>
    <ClInclude Include="ThirdParty\generator\include\generator\RepeatPath.hpp">
      <Filter>Generator</Filter>
    </ClInclude>
    <ClInclude Include="ThirdParty\generator\include\generator\RepeatShape.hpp">
      <Filter>Generator</Filter>
    </ClInclude>
    <ClInclude Include="ThirdParty\generator\include\generator\RotateMesh.hpp">
      <Filter>Generator</Filter>
    </ClInclude>
    <ClInclude Include="ThirdParty\generator\include\generator\RotatePath.hpp">
      <Filter>Generator</Filter>
    </ClInclude>
    <ClInclude Include="ThirdParty\generator\include\generator\RotateShape.hpp">
      <Filter>Generator</Filter>
    </ClInclude>
    <ClInclude Include="ThirdParty\generator\include\generator\RoundedBoxMesh.hpp">
      <Filter>Generator</Filter>
    </ClInclude>
    <ClInclude Include="ThirdParty\generator\include\generator\RoundedRectangleShape.hpp">
      <Filter>Generator</Filter>
    </ClInclude>
    <ClInclude Include="ThirdParty\generator\include\generator\ScaleMesh.hpp">
      <Filter>Generator</Filter>
    </ClInclude>
    <ClInclude Include="ThirdParty\generator\include\generator\ScalePath.hpp">
      <Filter>Generator</Filter>
    </ClInclude>
    <ClInclude Include="ThirdParty\generator\include\generator\ScaleShape.hpp">
      <Filter>Generator</Filter>
    </ClInclude>
    <ClInclude Include="ThirdParty\generator\include\generator\ShapeToPath.hpp">
      <Filter>Generator</Filter>
    </ClInclude>
    <ClInclude Include="ThirdParty\generator\include\generator\ShapeVertex.hpp">
      <Filter>Generator</Filter>
    </ClInclude>
    <ClInclude Include="ThirdParty\generator\include\generator\SphereMesh.hpp">
      <Filter>Generator</Filter>
    </ClInclude>
    <ClInclude Include="ThirdParty\generator\include\generator\SphericalConeMesh.hpp">
      <Filter>Generator</Filter>
    </ClInclude>
    <ClInclude Include="ThirdParty\generator\include\generator\SphericalTriangleMesh.hpp">
      <Filter>Generator</Filter>
    </ClInclude>
    <ClInclude Include="ThirdParty\generator\include\generator\SpherifyMesh.hpp">
      <Filter>Generator</Filter>
    </ClInclude>
    <ClInclude Include="ThirdParty\generator\include\generator\SpringMesh.hpp">
      <Filter>Generator</Filter>
    </ClInclude>
    <ClInclude Include="ThirdParty\generator\include\generator\SubdivideMesh.hpp">
      <Filter>Generator</Filter>
    </ClInclude>
    <ClInclude Include="ThirdParty\generator\include\generator\SubdividePath.hpp">
      <Filter>Generator</Filter>
    </ClInclude>
    <ClInclude Include="ThirdParty\generator\include\generator\SubdivideShape.hpp">
      <Filter>Generator</Filter>
    </ClInclude>
    <ClInclude Include="ThirdParty\generator\include\generator\SvgWriter.hpp">
      <Filter>Generator</Filter>
    </ClInclude>
    <ClInclude Include="ThirdParty\generator\include\generator\TeapotMesh.hpp">
      <Filter>Generator</Filter>
    </ClInclude>
    <ClInclude Include="ThirdParty\generator\include\generator\TorusKnotMesh.hpp">
      <Filter>Generator</Filter>
    </ClInclude>
    <ClInclude Include="ThirdParty\generator\include\generator\TorusMesh.hpp">
      <Filter>Generator</Filter>
    </ClInclude>
    <ClInclude Include="ThirdParty\generator\include\generator\TransformMesh.hpp">
      <Filter>Generator</Filter>
    </ClInclude>
    <ClInclude Include="ThirdParty\generator\include\generator\TransformPath.hpp">
      <Filter>Generator</Filter>
    </ClInclude>
    <ClInclude Include="ThirdParty\generator\include\generator\TransformShape.hpp">
      <Filter>Generator</Filter>
    </ClInclude>
    <ClInclude Include="ThirdParty\generator\include\generator\TranslateMesh.hpp">
      <Filter>Generator</Filter>
    </ClInclude>
    <ClInclude Include="ThirdParty\generator\include\generator\TranslatePath.hpp">
      <Filter>Generator</Filter>
    </ClInclude>
    <ClInclude Include="ThirdParty\generator\include\generator\TranslateShape.hpp">
      <Filter>Generator</Filter>
    </ClInclude>
    <ClInclude Include="ThirdParty\generator\include\generator\Triangle.hpp">
      <Filter>Generator</Filter>
    </ClInclude>
    <ClInclude Include="ThirdParty\generator\include\generator\TriangleMesh.hpp">
      <Filter>Generator</Filter>
    </ClInclude>
    <ClInclude Include="ThirdParty\generator\include\generator\TubeMesh.hpp">
      <Filter>Generator</Filter>
    </ClInclude>
    <ClInclude Include="ThirdParty\generator\include\generator\utils.hpp">
      <Filter>Generator</Filter>
    </ClInclude>
    <ClInclude Include="ThirdParty\generator\include\generator\UvFlipMesh.hpp">
      <Filter>Generator</Filter>
    </ClInclude>
    <ClInclude Include="ThirdParty\generator\include\generator\UvSwapMesh.hpp">
      <Filter>Generator</Filter>
    </ClInclude>
    <ClInclude Include="Code\assimp_model_loading.h">
      <Filter>Engine\Model Loading</Filter>
    </ClInclude>
    <ClInclude Include="Code\generator_model_loading.h">
      <Filter>Engine\Model Loading</Filter>
    </ClInclude>
    <ClInclude Include="Code\model_loading.h">
      <Filter>Engine\Model Loading</Filter>
    </ClInclude>
  </ItemGroup>
  <ItemGroup>
    <None Include="WorkingDir\shaders.glsl">
      <Filter>Shaders</Filter>
    </None>
  </ItemGroup>
</Project>